{
  "name": "static",
  "version": "1.0.0",
  "lockfileVersion": 3,
  "requires": true,
  "packages": {
    "": {
      "name": "static",
      "version": "1.0.0",
      "license": "ISC",
      "dependencies": {
        "@eyevinn/webrtc-player": "^0.13.0",
        "bootstrap": "^5.3.3",
        "jquery": "^3.7.1",
        "mpegts.js": "^1.8.0",
        "socket.io-client": "^4.8.1",
        "webrtc-adapter": "^9.0.1"
      }
    },
    "node_modules/@dailymotion/vast-client": {
      "version": "4.0.1",
      "resolved": "https://registry.npmjs.org/@dailymotion/vast-client/-/vast-client-4.0.1.tgz",
      "integrity": "sha512-oRUCc06bWdX/1f2Eha/od5WCj+MLHiD6rgyAudgjOUyWXhCcbkUTZeejBSQsLft0nFnd+5nrDqGkBD8mrEVd/Q==",
      "license": "MIT",
      "dependencies": {
        "@xmldom/xmldom": "^0.8.3"
      },
      "engines": {
        "node": ">=12.22.1"
      }
    },
    "node_modules/@dailymotion/vmap": {
      "version": "3.3.2",
      "resolved": "https://registry.npmjs.org/@dailymotion/vmap/-/vmap-3.3.2.tgz",
      "integrity": "sha512-mwJfXNuVIJ18hPtXLNK9wnrh5EBIjQqdVU6Z2RNvAkfSuwdaQwCrzGod4M+PtGY9GR4Q+aaVMaB4+BkEoQOYcA==",
      "license": "MIT",
      "engines": {
        "node": ">=12.22.1"
      }
    },
    "node_modules/@eyevinn/csai-manager": {
      "version": "0.1.2",
      "resolved": "https://registry.npmjs.org/@eyevinn/csai-manager/-/csai-manager-0.1.2.tgz",
      "integrity": "sha512-ZehCxXlSIHF5Ej1n/WZEaLa6sLIH5zrE1ZB71yyT/KbFoeDsDDoo+jw61xzzT+pKBb4vNBtKQRgaVDGZdT2L/g==",
      "license": "MIT",
      "dependencies": {
        "@dailymotion/vast-client": "^4.0.0",
        "@dailymotion/vmap": "^3.3.0",
        "@eyevinn/video-event-filter": "^2.0.0",
        "mitt": "^3.0.0"
      }
    },
    "node_modules/@eyevinn/video-event-filter": {
      "version": "2.0.0",
      "resolved": "https://registry.npmjs.org/@eyevinn/video-event-filter/-/video-event-filter-2.0.0.tgz",
      "integrity": "sha512-S5pECmymqg7WqlAeerhtPVEFxWhLY3cz3DTuhuljZreVDLnEBV6/DlWI6SWDnKdpDJMgD6VjPfaRJssmGatNBg==",
      "deprecated": "Package no longer maintained, we recommend migrating to @eyevinn/media-event-filter",
      "license": "MIT",
      "dependencies": {
        "mitt": "^2.1.0"
      }
    },
    "node_modules/@eyevinn/video-event-filter/node_modules/mitt": {
      "version": "2.1.0",
      "resolved": "https://registry.npmjs.org/mitt/-/mitt-2.1.0.tgz",
      "integrity": "sha512-ILj2TpLiysu2wkBbWjAmww7TkZb65aiQO+DkVdUTBpBXq+MHYiETENkKFMtsJZX1Lf4pe4QOrTSjIfUwN5lRdg==",
      "license": "MIT"
    },
    "node_modules/@eyevinn/webrtc-player": {
      "version": "0.13.0",
      "resolved": "https://registry.npmjs.org/@eyevinn/webrtc-player/-/webrtc-player-0.13.0.tgz",
      "integrity": "sha512-X5Nzznbyw9PXj85HYV7nyHSbeC0tWpTTAFEYjilnlLLWfo9EARx1tCQk5tdhmImnDST8VN50SYt6uMDudoVnWw==",
      "license": "MIT",
      "dependencies": {
        "@eyevinn/csai-manager": "^0.1.2",
        "@eyevinn/whpp-client": "^0.1.2",
        "events": "^3.3.0"
      },
      "engines": {
        "node": ">=18.15.0"
      }
    },
    "node_modules/@eyevinn/whpp-client": {
      "version": "0.1.2",
      "resolved": "https://registry.npmjs.org/@eyevinn/whpp-client/-/whpp-client-0.1.2.tgz",
      "integrity": "sha512-Mau11ykVIZudy+7Qz2tJZbV2cuj8Un7eT2QRBGFA42RPL8djfEi/RIZ+6b9C1Bc1EAppl26zoh28D8/KstFioQ==",
      "license": "MIT"
    },
    "node_modules/@popperjs/core": {
      "version": "2.11.8",
      "resolved": "https://registry.npmjs.org/@popperjs/core/-/core-2.11.8.tgz",
      "integrity": "sha512-P1st0aksCrn9sGZhp8GMYwBnQsbvAWsZAX44oXNNvLHGqAOcoVxmjZiohstwQ7SqKnbR47akdNi+uleWD8+g6A==",
      "license": "MIT",
      "peer": true,
      "funding": {
        "type": "opencollective",
        "url": "https://opencollective.com/popperjs"
      }
    },
    "node_modules/@socket.io/component-emitter": {
      "version": "3.1.2",
      "resolved": "https://registry.npmjs.org/@socket.io/component-emitter/-/component-emitter-3.1.2.tgz",
      "integrity": "sha512-9BCxFwvbGg/RsZK9tjXd8s4UcwR0MWeFQ1XEKIQVVvAGJyINdrqKMcTRyLoK8Rse1GjzLV9cwjWV1olXRWEXVA==",
      "license": "MIT"
    },
    "node_modules/@xmldom/xmldom": {
      "version": "0.8.10",
      "resolved": "https://registry.npmjs.org/@xmldom/xmldom/-/xmldom-0.8.10.tgz",
      "integrity": "sha512-2WALfTl4xo2SkGCYRt6rDTFfk9R1czmBvUQy12gK2KuRKIpWEhcbbzy8EZXtz/jkRqHX8bFEc6FC1HjX4TUWYw==",
      "license": "MIT",
      "engines": {
        "node": ">=10.0.0"
      }
    },
    "node_modules/bootstrap": {
      "version": "5.3.3",
      "resolved": "https://registry.npmjs.org/bootstrap/-/bootstrap-5.3.3.tgz",
      "integrity": "sha512-8HLCdWgyoMguSO9o+aH+iuZ+aht+mzW0u3HIMzVu7Srrpv7EBBxTnrFlSCskwdY1+EOFQSm7uMJhNQHkdPcmjg==",
      "funding": [
        {
          "type": "github",
          "url": "https://github.com/sponsors/twbs"
        },
        {
          "type": "opencollective",
          "url": "https://opencollective.com/bootstrap"
        }
      ],
      "license": "MIT",
      "peerDependencies": {
        "@popperjs/core": "^2.11.8"
      }
    },
    "node_modules/debug": {
      "version": "4.3.7",
      "resolved": "https://registry.npmjs.org/debug/-/debug-4.3.7.tgz",
      "integrity": "sha512-Er2nc/H7RrMXZBFCEim6TCmMk02Z8vLC2Rbi1KEBggpo0fS6l0S1nnapwmIi3yW/+GOJap1Krg4w0Hg80oCqgQ==",
      "license": "MIT",
      "dependencies": {
        "ms": "^2.1.3"
      },
      "engines": {
        "node": ">=6.0"
      },
      "peerDependenciesMeta": {
        "supports-color": {
          "optional": true
        }
      }
    },
    "node_modules/engine.io-client": {
      "version": "6.6.3",
      "resolved": "https://registry.npmjs.org/engine.io-client/-/engine.io-client-6.6.3.tgz",
      "integrity": "sha512-T0iLjnyNWahNyv/lcjS2y4oE358tVS/SYQNxYXGAJ9/GLgH4VCvOQ/mhTjqU88mLZCQgiG8RIegFHYCdVC+j5w==",
      "license": "MIT",
      "dependencies": {
        "@socket.io/component-emitter": "~3.1.0",
        "debug": "~4.3.1",
        "engine.io-parser": "~5.2.1",
        "ws": "~8.17.1",
        "xmlhttprequest-ssl": "~2.1.1"
      }
    },
    "node_modules/engine.io-parser": {
      "version": "5.2.3",
      "resolved": "https://registry.npmjs.org/engine.io-parser/-/engine.io-parser-5.2.3.tgz",
      "integrity": "sha512-HqD3yTBfnBxIrbnM1DoD6Pcq8NECnh8d4As1Qgh0z5Gg3jRRIqijury0CL3ghu/edArpUYiYqQiDUQBIs4np3Q==",
      "license": "MIT",
      "engines": {
        "node": ">=10.0.0"
      }
    },
    "node_modules/es6-promise": {
      "version": "4.2.8",
      "resolved": "https://registry.npmjs.org/es6-promise/-/es6-promise-4.2.8.tgz",
      "integrity": "sha512-HJDGx5daxeIvxdBxvG2cb9g4tEvwIk3i8+nhX0yGrYmZUzbkdg8QbDevheDB8gd0//uPj4c1EQua8Q+MViT0/w==",
      "license": "MIT"
    },
    "node_modules/events": {
      "version": "3.3.0",
      "resolved": "https://registry.npmjs.org/events/-/events-3.3.0.tgz",
      "integrity": "sha512-mQw+2fkQbALzQ7V0MY0IqdnXNOeTtP4r0lN9z7AAawCXgqea7bDii20AYrIBrFd/Hx0M2Ocz6S111CaFkUcb0Q==",
      "license": "MIT",
      "engines": {
        "node": ">=0.8.x"
      }
    },
    "node_modules/jquery": {
      "version": "3.7.1",
      "resolved": "https://registry.npmjs.org/jquery/-/jquery-3.7.1.tgz",
      "integrity": "sha512-m4avr8yL8kmFN8psrbFFFmB/If14iN5o9nw/NgnnM+kybDJpRsAynV2BsfpTYrTRysYUdADVD7CkUUizgkpLfg==",
      "license": "MIT"
    },
    "node_modules/mitt": {
      "version": "3.0.1",
      "resolved": "https://registry.npmjs.org/mitt/-/mitt-3.0.1.tgz",
      "integrity": "sha512-vKivATfr97l2/QBCYAkXYDbrIWPM2IIKEl7YPhjCvKlG3kE2gm+uBo6nEXK3M5/Ffh/FLpKExzOQ3JJoJGFKBw==",
      "license": "MIT"
    },
    "node_modules/mpegts.js": {
      "version": "1.8.0",
      "resolved": "https://registry.npmjs.org/mpegts.js/-/mpegts.js-1.8.0.tgz",
      "integrity": "sha512-ZtujqtmTjWgcDDkoOnLvrOKUTO/MKgLHM432zGDI8oPaJ0S+ebPxg1nEpDpLw6I7KmV/GZgUIrfbWi3qqEircg==",
      "license": "Apache-2.0",
      "dependencies": {
        "es6-promise": "^4.2.5",
        "webworkify-webpack": "github:xqq/webworkify-webpack"
      }
    },
    "node_modules/ms": {
      "version": "2.1.3",
      "resolved": "https://registry.npmjs.org/ms/-/ms-2.1.3.tgz",
      "integrity": "sha512-6FlzubTLZG3J2a/NVCAleEhjzq5oxgHyaCU9yYXvcLsvoVaHJq/s5xXI6/XXP6tz7R9xAOtHnSO/tXtF3WRTlA==",
      "license": "MIT"
    },
    "node_modules/sdp": {
      "version": "3.2.0",
      "resolved": "https://registry.npmjs.org/sdp/-/sdp-3.2.0.tgz",
      "integrity": "sha512-d7wDPgDV3DDiqulJjKiV2865wKsJ34YI+NDREbm+FySq6WuKOikwyNQcm+doLAZ1O6ltdO0SeKle2xMpN3Brgw==",
      "license": "MIT"
    },
    "node_modules/socket.io-client": {
      "version": "4.8.1",
      "resolved": "https://registry.npmjs.org/socket.io-client/-/socket.io-client-4.8.1.tgz",
      "integrity": "sha512-hJVXfu3E28NmzGk8o1sHhN3om52tRvwYeidbj7xKy2eIIse5IoKX3USlS6Tqt3BHAtflLIkCQBkzVrEEfWUyYQ==",
      "license": "MIT",
      "dependencies": {
        "@socket.io/component-emitter": "~3.1.0",
        "debug": "~4.3.2",
        "engine.io-client": "~6.6.1",
        "socket.io-parser": "~4.2.4"
      },
      "engines": {
        "node": ">=10.0.0"
      }
    },
    "node_modules/socket.io-parser": {
      "version": "4.2.4",
      "resolved": "https://registry.npmjs.org/socket.io-parser/-/socket.io-parser-4.2.4.tgz",
      "integrity": "sha512-/GbIKmo8ioc+NIWIhwdecY0ge+qVBSMdgxGygevmdHj24bsfgtCmcUUcQ5ZzcylGFHsN3k4HB4Cgkl96KVnuew==",
      "license": "MIT",
      "dependencies": {
        "@socket.io/component-emitter": "~3.1.0",
        "debug": "~4.3.1"
      },
      "engines": {
        "node": ">=10.0.0"
      }
    },
    "node_modules/webrtc-adapter": {
      "version": "9.0.1",
      "resolved": "https://registry.npmjs.org/webrtc-adapter/-/webrtc-adapter-9.0.1.tgz",
      "integrity": "sha512-1AQO+d4ElfVSXyzNVTOewgGT/tAomwwztX/6e3totvyyzXPvXIIuUUjAmyZGbKBKbZOXauuJooZm3g6IuFuiNQ==",
      "license": "BSD-3-Clause",
      "dependencies": {
        "sdp": "^3.2.0"
      },
      "engines": {
        "node": ">=6.0.0",
        "npm": ">=3.10.0"
      }
    },
    "node_modules/webworkify-webpack": {
      "version": "2.1.5",
      "resolved": "git+ssh://git@github.com/xqq/webworkify-webpack.git#24d1e719b4a6cac37a518b2bb10fe124527ef4ef",
      "license": "MIT"
    },
    "node_modules/ws": {
      "version": "8.17.1",
      "resolved": "https://registry.npmjs.org/ws/-/ws-8.17.1.tgz",
      "integrity": "sha512-6XQFvXTkbfUOZOKKILFG1PDK2NDQs4azKQl26T0YS5CxqWLgXajbPZ+h4gZekJyRqFU8pvnbAbbs/3TgRPy+GQ==",
      "license": "MIT",
      "engines": {
        "node": ">=10.0.0"
      },
      "peerDependencies": {
        "bufferutil": "^4.0.1",
        "utf-8-validate": ">=5.0.2"
      },
      "peerDependenciesMeta": {
        "bufferutil": {
          "optional": true
        },
        "utf-8-validate": {
          "optional": true
        }
      }
    },
    "node_modules/xmlhttprequest-ssl": {
      "version": "2.1.2",
      "resolved": "https://registry.npmjs.org/xmlhttprequest-ssl/-/xmlhttprequest-ssl-2.1.2.tgz",
      "integrity": "sha512-TEU+nJVUUnA4CYJFLvK5X9AOeH4KvDvhIfm0vV1GaQRtchnG0hgK5p8hw/xjv8cunWYCsiPCSDzObPyhEwq3KQ==",
      "engines": {
        "node": ">=0.4.0"
      }
    }
  }
}
